# THIS IS AN AUTOGENERATED FILE. DO NOT EDIT THIS FILE DIRECTLY.
# yarn lockfile v1


"@project-serum/anchor-cli@^0.4.4":
  version "0.4.4"
  resolved "https://registry.yarnpkg.com/@project-serum/anchor-cli/-/anchor-cli-0.4.4.tgz#da5c3546e066f7f5d2feac517a65918900ffcadd"
  integrity sha512-N9bP/BHuJRM87Y06RHFGCw9YkInc7YqJBWaMs7UTntdiaGII4bHSoBw1h71V0FpMqFZNdGlVxkqyaOKevNLrFA==
