# THIS IS AN AUTOGENERATED FILE. DO NOT EDIT THIS FILE DIRECTLY.
# yarn lockfile v1


"@project-serum/anchor-cli@^0.13.2":
  version "0.13.2"
  resolved "https://registry.yarnpkg.com/@project-serum/anchor-cli/-/anchor-cli-0.13.2.tgz#0dc0e4512a999b3908c3002379de37aa6c54887f"
  integrity sha512-5wUkycPVyXTNZM7TleqF06owB1ALDecjBeMtHuBCDW5tGQQYVvU9SryjIgJmZjUChqgCQ38+kz+gi6IrJA+hjw==
